// !$*UTF8*$!
{
	archiveVersion = 1;
	classes = {
	};
	objectVersion = 56;
	objects = {

/* Begin PBXBuildFile section */
		DA596E9A2A6FC298001B58D0 /* ImgurSwiftExampleApp.swift in Sources */ = {isa = PBXBuildFile; fileRef = DA596E992A6FC298001B58D0 /* ImgurSwiftExampleApp.swift */; };
		DA596E9C2A6FC298001B58D0 /* ContentView.swift in Sources */ = {isa = PBXBuildFile; fileRef = DA596E9B2A6FC298001B58D0 /* ContentView.swift */; };
		DA596E9E2A6FC299001B58D0 /* Assets.xcassets in Resources */ = {isa = PBXBuildFile; fileRef = DA596E9D2A6FC299001B58D0 /* Assets.xcassets */; };
		DA596EA12A6FC299001B58D0 /* Preview Assets.xcassets in Resources */ = {isa = PBXBuildFile; fileRef = DA596EA02A6FC299001B58D0 /* Preview Assets.xcassets */; };
		DA596EAF2A6FC5B9001B58D0 /* ImgurSwift in Frameworks */ = {isa = PBXBuildFile; productRef = DA596EAE2A6FC5B9001B58D0 /* ImgurSwift */; };
		DA6B530E2A70AC630049392A /* AccessTokenManager.swift in Sources */ = {isa = PBXBuildFile; fileRef = DA6B530D2A70AC630049392A /* AccessTokenManager.swift */; };
		DA6B53102A70AC8E0049392A /* DataParser.swift in Sources */ = {isa = PBXBuildFile; fileRef = DA6B530F2A70AC8E0049392A /* DataParser.swift */; };
		DA6B53122A70ACAD0049392A /* RequestManager.swift in Sources */ = {isa = PBXBuildFile; fileRef = DA6B53112A70ACAD0049392A /* RequestManager.swift */; };
		DA6B53142A70ACC00049392A /* APIManager.swift in Sources */ = {isa = PBXBuildFile; fileRef = DA6B53132A70ACC00049392A /* APIManager.swift */; };
		DA6B53162A70ACD20049392A /* NetworkError.swift in Sources */ = {isa = PBXBuildFile; fileRef = DA6B53152A70ACD20049392A /* NetworkError.swift */; };
		DA6B53192A70B2BA0049392A /* RequestProtocol.swift in Sources */ = {isa = PBXBuildFile; fileRef = DA6B53182A70B2BA0049392A /* RequestProtocol.swift */; };
		DA6B531B2A70B2CB0049392A /* RequestType.swift in Sources */ = {isa = PBXBuildFile; fileRef = DA6B531A2A70B2CB0049392A /* RequestType.swift */; };
		DA6B531F2A70B3180049392A /* APIToken.swift in Sources */ = {isa = PBXBuildFile; fileRef = DA6B531E2A70B3180049392A /* APIToken.swift */; };
		DA6B53212A70B33B0049392A /* AuthTokenRequest.swift in Sources */ = {isa = PBXBuildFile; fileRef = DA6B53202A70B33B0049392A /* AuthTokenRequest.swift */; };
		DA6B53232A70B4120049392A /* AppUserDefaultsKeys.swift in Sources */ = {isa = PBXBuildFile; fileRef = DA6B53222A70B4120049392A /* AppUserDefaultsKeys.swift */; };
		DABCD7162A6FD39200C425D9 /* APIConstants.swift in Sources */ = {isa = PBXBuildFile; fileRef = DABCD7152A6FD39200C425D9 /* APIConstants.swift */; };
/* End PBXBuildFile section */

/* Begin PBXFileReference section */
		DA596E962A6FC298001B58D0 /* ImgurSwiftExample.app */ = {isa = PBXFileReference; explicitFileType = wrapper.application; includeInIndex = 0; path = ImgurSwiftExample.app; sourceTree = BUILT_PRODUCTS_DIR; };
		DA596E992A6FC298001B58D0 /* ImgurSwiftExampleApp.swift */ = {isa = PBXFileReference; lastKnownFileType = sourcecode.swift; path = ImgurSwiftExampleApp.swift; sourceTree = "<group>"; };
		DA596E9B2A6FC298001B58D0 /* ContentView.swift */ = {isa = PBXFileReference; lastKnownFileType = sourcecode.swift; path = ContentView.swift; sourceTree = "<group>"; };
		DA596E9D2A6FC299001B58D0 /* Assets.xcassets */ = {isa = PBXFileReference; lastKnownFileType = folder.assetcatalog; path = Assets.xcassets; sourceTree = "<group>"; };
		DA596EA02A6FC299001B58D0 /* Preview Assets.xcassets */ = {isa = PBXFileReference; lastKnownFileType = folder.assetcatalog; path = "Preview Assets.xcassets"; sourceTree = "<group>"; };
		DA596EA22A6FC299001B58D0 /* ImgurSwiftExample.entitlements */ = {isa = PBXFileReference; lastKnownFileType = text.plist.entitlements; path = ImgurSwiftExample.entitlements; sourceTree = "<group>"; };
		DA596EAC2A6FC5A1001B58D0 /* ImgurSwift */ = {isa = PBXFileReference; lastKnownFileType = wrapper; name = ImgurSwift; path = ..; sourceTree = "<group>"; };
		DA6B530D2A70AC630049392A /* AccessTokenManager.swift */ = {isa = PBXFileReference; lastKnownFileType = sourcecode.swift; path = AccessTokenManager.swift; sourceTree = "<group>"; };
		DA6B530F2A70AC8E0049392A /* DataParser.swift */ = {isa = PBXFileReference; lastKnownFileType = sourcecode.swift; path = DataParser.swift; sourceTree = "<group>"; };
		DA6B53112A70ACAD0049392A /* RequestManager.swift */ = {isa = PBXFileReference; lastKnownFileType = sourcecode.swift; path = RequestManager.swift; sourceTree = "<group>"; };
		DA6B53132A70ACC00049392A /* APIManager.swift */ = {isa = PBXFileReference; lastKnownFileType = sourcecode.swift; path = APIManager.swift; sourceTree = "<group>"; };
		DA6B53152A70ACD20049392A /* NetworkError.swift */ = {isa = PBXFileReference; lastKnownFileType = sourcecode.swift; path = NetworkError.swift; sourceTree = "<group>"; };
		DA6B53182A70B2BA0049392A /* RequestProtocol.swift */ = {isa = PBXFileReference; lastKnownFileType = sourcecode.swift; path = RequestProtocol.swift; sourceTree = "<group>"; };
		DA6B531A2A70B2CB0049392A /* RequestType.swift */ = {isa = PBXFileReference; lastKnownFileType = sourcecode.swift; path = RequestType.swift; sourceTree = "<group>"; };
		DA6B531E2A70B3180049392A /* APIToken.swift */ = {isa = PBXFileReference; lastKnownFileType = sourcecode.swift; path = APIToken.swift; sourceTree = "<group>"; };
		DA6B53202A70B33B0049392A /* AuthTokenRequest.swift */ = {isa = PBXFileReference; lastKnownFileType = sourcecode.swift; path = AuthTokenRequest.swift; sourceTree = "<group>"; };
		DA6B53222A70B4120049392A /* AppUserDefaultsKeys.swift */ = {isa = PBXFileReference; lastKnownFileType = sourcecode.swift; path = AppUserDefaultsKeys.swift; sourceTree = "<group>"; };
		DABCD7152A6FD39200C425D9 /* APIConstants.swift */ = {isa = PBXFileReference; lastKnownFileType = sourcecode.swift; path = APIConstants.swift; sourceTree = "<group>"; };
/* End PBXFileReference section */

/* Begin PBXFrameworksBuildPhase section */
		DA596E932A6FC298001B58D0 /* Frameworks */ = {
			isa = PBXFrameworksBuildPhase;
			buildActionMask = 2147483647;
			files = (
				DA596EAF2A6FC5B9001B58D0 /* ImgurSwift in Frameworks */,
			);
			runOnlyForDeploymentPostprocessing = 0;
		};
/* End PBXFrameworksBuildPhase section */

/* Begin PBXGroup section */
		DA596E8D2A6FC298001B58D0 = {
			isa = PBXGroup;
			children = (
				DA596EAB2A6FC5A1001B58D0 /* Packages */,
				DA596E982A6FC298001B58D0 /* ImgurSwiftExample */,
				DA596E972A6FC298001B58D0 /* Products */,
				DA596EAD2A6FC5B9001B58D0 /* Frameworks */,
			);
			sourceTree = "<group>";
		};
		DA596E972A6FC298001B58D0 /* Products */ = {
			isa = PBXGroup;
			children = (
				DA596E962A6FC298001B58D0 /* ImgurSwiftExample.app */,
			);
			name = Products;
			sourceTree = "<group>";
		};
		DA596E982A6FC298001B58D0 /* ImgurSwiftExample */ = {
			isa = PBXGroup;
			children = (
				DABCD70F2A6FD33F00C425D9 /* Core */,
				DA596E992A6FC298001B58D0 /* ImgurSwiftExampleApp.swift */,
				DA596E9B2A6FC298001B58D0 /* ContentView.swift */,
				DA596E9D2A6FC299001B58D0 /* Assets.xcassets */,
				DA596EA22A6FC299001B58D0 /* ImgurSwiftExample.entitlements */,
				DA596E9F2A6FC299001B58D0 /* Preview Content */,
			);
			path = ImgurSwiftExample;
			sourceTree = "<group>";
		};
		DA596E9F2A6FC299001B58D0 /* Preview Content */ = {
			isa = PBXGroup;
			children = (
				DA596EA02A6FC299001B58D0 /* Preview Assets.xcassets */,
			);
			path = "Preview Content";
			sourceTree = "<group>";
		};
		DA596EAB2A6FC5A1001B58D0 /* Packages */ = {
			isa = PBXGroup;
			children = (
				DA596EAC2A6FC5A1001B58D0 /* ImgurSwift */,
			);
			name = Packages;
			sourceTree = "<group>";
		};
		DA596EAD2A6FC5B9001B58D0 /* Frameworks */ = {
			isa = PBXGroup;
			children = (
			);
			name = Frameworks;
			sourceTree = "<group>";
		};
		DA6B53082A70AB400049392A /* network */ = {
			isa = PBXGroup;
			children = (
				DA6B53112A70ACAD0049392A /* RequestManager.swift */,
				DA6B53132A70ACC00049392A /* APIManager.swift */,
				DA6B53152A70ACD20049392A /* NetworkError.swift */,
			);
			path = network;
			sourceTree = "<group>";
		};
		DA6B53092A70AB400049392A /* parser */ = {
			isa = PBXGroup;
			children = (
				DA6B530F2A70AC8E0049392A /* DataParser.swift */,
			);
			path = parser;
			sourceTree = "<group>";
		};
		DA6B530B2A70AB400049392A /* model */ = {
			isa = PBXGroup;
			children = (
				DA6B531E2A70B3180049392A /* APIToken.swift */,
			);
			path = model;
			sourceTree = "<group>";
		};
		DA6B530C2A70AB400049392A /* request */ = {
			isa = PBXGroup;
			children = (
				DA6B53172A70B2B40049392A /* base */,
				DA6B531C2A70B2FF0049392A /* auth */,
			);
			path = request;
			sourceTree = "<group>";
		};
		DA6B53172A70B2B40049392A /* base */ = {
			isa = PBXGroup;
			children = (
				DA6B53182A70B2BA0049392A /* RequestProtocol.swift */,
				DA6B531A2A70B2CB0049392A /* RequestType.swift */,
			);
			path = base;
			sourceTree = "<group>";
		};
		DA6B531C2A70B2FF0049392A /* auth */ = {
			isa = PBXGroup;
			children = (
				DA6B53202A70B33B0049392A /* AuthTokenRequest.swift */,
			);
			path = auth;
			sourceTree = "<group>";
		};
		DABCD70F2A6FD33F00C425D9 /* Core */ = {
			isa = PBXGroup;
			children = (
				DABCD7102A6FD34400C425D9 /* data */,
				DABCD7112A6FD34700C425D9 /* domain */,
				DABCD7122A6FD34A00C425D9 /* utils */,
			);
			path = Core;
			sourceTree = "<group>";
		};
		DABCD7102A6FD34400C425D9 /* data */ = {
			isa = PBXGroup;
			children = (
				DABCD7132A6FD35C00C425D9 /* api */,
			);
			path = data;
			sourceTree = "<group>";
		};
		DABCD7112A6FD34700C425D9 /* domain */ = {
			isa = PBXGroup;
			children = (
				DABCD7142A6FD36800C425D9 /* model */,
			);
			path = domain;
			sourceTree = "<group>";
		};
		DABCD7122A6FD34A00C425D9 /* utils */ = {
			isa = PBXGroup;
			children = (
				DA6B53222A70B4120049392A /* AppUserDefaultsKeys.swift */,
			);
			path = utils;
			sourceTree = "<group>";
		};
		DABCD7132A6FD35C00C425D9 /* api */ = {
			isa = PBXGroup;
			children = (
				DABCD7182A70AAB100C425D9 /* token */,
				DA6B53092A70AB400049392A /* parser */,
				DA6B53082A70AB400049392A /* network */,
				DA6B530C2A70AB400049392A /* request */,
				DA6B530B2A70AB400049392A /* model */,
				DABCD7152A6FD39200C425D9 /* APIConstants.swift */,
			);
			path = api;
			sourceTree = "<group>";
		};
		DABCD7142A6FD36800C425D9 /* model */ = {
			isa = PBXGroup;
			children = (
			);
			path = model;
			sourceTree = "<group>";
		};
		DABCD7182A70AAB100C425D9 /* token */ = {
			isa = PBXGroup;
			children = (
				DA6B530D2A70AC630049392A /* AccessTokenManager.swift */,
			);
			path = token;
			sourceTree = "<group>";
		};
/* End PBXGroup section */

/* Begin PBXNativeTarget section */
		DA596E952A6FC298001B58D0 /* ImgurSwiftExample */ = {
			isa = PBXNativeTarget;
			buildConfigurationList = DA596EA52A6FC299001B58D0 /* Build configuration list for PBXNativeTarget "ImgurSwiftExample" */;
			buildPhases = (
				DA596E922A6FC298001B58D0 /* Sources */,
				DA596E932A6FC298001B58D0 /* Frameworks */,
				DA596E942A6FC298001B58D0 /* Resources */,
			);
			buildRules = (
			);
			dependencies = (
			);
			name = ImgurSwiftExample;
			packageProductDependencies = (
				DA596EAE2A6FC5B9001B58D0 /* ImgurSwift */,
			);
			productName = ImgurSwiftExample;
			productReference = DA596E962A6FC298001B58D0 /* ImgurSwiftExample.app */;
			productType = "com.apple.product-type.application";
		};
/* End PBXNativeTarget section */

/* Begin PBXProject section */
		DA596E8E2A6FC298001B58D0 /* Project object */ = {
			isa = PBXProject;
			attributes = {
				BuildIndependentTargetsInParallel = 1;
				LastSwiftUpdateCheck = 1430;
				LastUpgradeCheck = 1430;
				TargetAttributes = {
					DA596E952A6FC298001B58D0 = {
						CreatedOnToolsVersion = 14.3.1;
					};
				};
			};
			buildConfigurationList = DA596E912A6FC298001B58D0 /* Build configuration list for PBXProject "ImgurSwiftExample" */;
			compatibilityVersion = "Xcode 14.0";
			developmentRegion = en;
			hasScannedForEncodings = 0;
			knownRegions = (
				en,
				Base,
			);
			mainGroup = DA596E8D2A6FC298001B58D0;
			packageReferences = (
			);
			productRefGroup = DA596E972A6FC298001B58D0 /* Products */;
			projectDirPath = "";
			projectRoot = "";
			targets = (
				DA596E952A6FC298001B58D0 /* ImgurSwiftExample */,
			);
		};
/* End PBXProject section */

/* Begin PBXResourcesBuildPhase section */
		DA596E942A6FC298001B58D0 /* Resources */ = {
			isa = PBXResourcesBuildPhase;
			buildActionMask = 2147483647;
			files = (
				DA596EA12A6FC299001B58D0 /* Preview Assets.xcassets in Resources */,
				DA596E9E2A6FC299001B58D0 /* Assets.xcassets in Resources */,
			);
			runOnlyForDeploymentPostprocessing = 0;
		};
/* End PBXResourcesBuildPhase section */

/* Begin PBXSourcesBuildPhase section */
		DA596E922A6FC298001B58D0 /* Sources */ = {
			isa = PBXSourcesBuildPhase;
			buildActionMask = 2147483647;
			files = (
				DA6B53192A70B2BA0049392A /* RequestProtocol.swift in Sources */,
				DA6B53212A70B33B0049392A /* AuthTokenRequest.swift in Sources */,
				DA596E9C2A6FC298001B58D0 /* ContentView.swift in Sources */,
				DA6B53162A70ACD20049392A /* NetworkError.swift in Sources */,
				DA6B53102A70AC8E0049392A /* DataParser.swift in Sources */,
				DA6B530E2A70AC630049392A /* AccessTokenManager.swift in Sources */,
				DA6B53232A70B4120049392A /* AppUserDefaultsKeys.swift in Sources */,
				DA6B53122A70ACAD0049392A /* RequestManager.swift in Sources */,
				DA596E9A2A6FC298001B58D0 /* ImgurSwiftExampleApp.swift in Sources */,
				DABCD7162A6FD39200C425D9 /* APIConstants.swift in Sources */,
				DA6B53142A70ACC00049392A /* APIManager.swift in Sources */,
				DA6B531B2A70B2CB0049392A /* RequestType.swift in Sources */,
				DA6B531F2A70B3180049392A /* APIToken.swift in Sources */,
			);
			runOnlyForDeploymentPostprocessing = 0;
		};
/* End PBXSourcesBuildPhase section */

/* Begin XCBuildConfiguration section */
		DA596EA32A6FC299001B58D0 /* Debug */ = {
			isa = XCBuildConfiguration;
			buildSettings = {
				ALWAYS_SEARCH_USER_PATHS = NO;
				CLANG_ANALYZER_NONNULL = YES;
				CLANG_ANALYZER_NUMBER_OBJECT_CONVERSION = YES_AGGRESSIVE;
				CLANG_CXX_LANGUAGE_STANDARD = "gnu++20";
				CLANG_ENABLE_MODULES = YES;
				CLANG_ENABLE_OBJC_ARC = YES;
				CLANG_ENABLE_OBJC_WEAK = YES;
				CLANG_WARN_BLOCK_CAPTURE_AUTORELEASING = YES;
				CLANG_WARN_BOOL_CONVERSION = YES;
				CLANG_WARN_COMMA = YES;
				CLANG_WARN_CONSTANT_CONVERSION = YES;
				CLANG_WARN_DEPRECATED_OBJC_IMPLEMENTATIONS = YES;
				CLANG_WARN_DIRECT_OBJC_ISA_USAGE = YES_ERROR;
				CLANG_WARN_DOCUMENTATION_COMMENTS = YES;
				CLANG_WARN_EMPTY_BODY = YES;
				CLANG_WARN_ENUM_CONVERSION = YES;
				CLANG_WARN_INFINITE_RECURSION = YES;
				CLANG_WARN_INT_CONVERSION = YES;
				CLANG_WARN_NON_LITERAL_NULL_CONVERSION = YES;
				CLANG_WARN_OBJC_IMPLICIT_RETAIN_SELF = YES;
				CLANG_WARN_OBJC_LITERAL_CONVERSION = YES;
				CLANG_WARN_OBJC_ROOT_CLASS = YES_ERROR;
				CLANG_WARN_QUOTED_INCLUDE_IN_FRAMEWORK_HEADER = YES;
				CLANG_WARN_RANGE_LOOP_ANALYSIS = YES;
				CLANG_WARN_STRICT_PROTOTYPES = YES;
				CLANG_WARN_SUSPICIOUS_MOVE = YES;
				CLANG_WARN_UNGUARDED_AVAILABILITY = YES_AGGRESSIVE;
				CLANG_WARN_UNREACHABLE_CODE = YES;
				CLANG_WARN__DUPLICATE_METHOD_MATCH = YES;
				COPY_PHASE_STRIP = NO;
				DEBUG_INFORMATION_FORMAT = dwarf;
				ENABLE_STRICT_OBJC_MSGSEND = YES;
				ENABLE_TESTABILITY = YES;
				GCC_C_LANGUAGE_STANDARD = gnu11;
				GCC_DYNAMIC_NO_PIC = NO;
				GCC_NO_COMMON_BLOCKS = YES;
				GCC_OPTIMIZATION_LEVEL = 0;
				GCC_PREPROCESSOR_DEFINITIONS = (
					"DEBUG=1",
					"$(inherited)",
				);
				GCC_WARN_64_TO_32_BIT_CONVERSION = YES;
				GCC_WARN_ABOUT_RETURN_TYPE = YES_ERROR;
				GCC_WARN_UNDECLARED_SELECTOR = YES;
				GCC_WARN_UNINITIALIZED_AUTOS = YES_AGGRESSIVE;
				GCC_WARN_UNUSED_FUNCTION = YES;
				GCC_WARN_UNUSED_VARIABLE = YES;
				MACOSX_DEPLOYMENT_TARGET = 13.3;
				MTL_ENABLE_DEBUG_INFO = INCLUDE_SOURCE;
				MTL_FAST_MATH = YES;
				ONLY_ACTIVE_ARCH = YES;
				SDKROOT = macosx;
				SWIFT_ACTIVE_COMPILATION_CONDITIONS = DEBUG;
				SWIFT_OPTIMIZATION_LEVEL = "-Onone";
			};
			name = Debug;
		};
		DA596EA42A6FC299001B58D0 /* Release */ = {
			isa = XCBuildConfiguration;
			buildSettings = {
				ALWAYS_SEARCH_USER_PATHS = NO;
				CLANG_ANALYZER_NONNULL = YES;
				CLANG_ANALYZER_NUMBER_OBJECT_CONVERSION = YES_AGGRESSIVE;
				CLANG_CXX_LANGUAGE_STANDARD = "gnu++20";
				CLANG_ENABLE_MODULES = YES;
				CLANG_ENABLE_OBJC_ARC = YES;
				CLANG_ENABLE_OBJC_WEAK = YES;
				CLANG_WARN_BLOCK_CAPTURE_AUTORELEASING = YES;
				CLANG_WARN_BOOL_CONVERSION = YES;
				CLANG_WARN_COMMA = YES;
				CLANG_WARN_CONSTANT_CONVERSION = YES;
				CLANG_WARN_DEPRECATED_OBJC_IMPLEMENTATIONS = YES;
				CLANG_WARN_DIRECT_OBJC_ISA_USAGE = YES_ERROR;
				CLANG_WARN_DOCUMENTATION_COMMENTS = YES;
				CLANG_WARN_EMPTY_BODY = YES;
				CLANG_WARN_ENUM_CONVERSION = YES;
				CLANG_WARN_INFINITE_RECURSION = YES;
				CLANG_WARN_INT_CONVERSION = YES;
				CLANG_WARN_NON_LITERAL_NULL_CONVERSION = YES;
				CLANG_WARN_OBJC_IMPLICIT_RETAIN_SELF = YES;
				CLANG_WARN_OBJC_LITERAL_CONVERSION = YES;
				CLANG_WARN_OBJC_ROOT_CLASS = YES_ERROR;
				CLANG_WARN_QUOTED_INCLUDE_IN_FRAMEWORK_HEADER = YES;
				CLANG_WARN_RANGE_LOOP_ANALYSIS = YES;
				CLANG_WARN_STRICT_PROTOTYPES = YES;
				CLANG_WARN_SUSPICIOUS_MOVE = YES;
				CLANG_WARN_UNGUARDED_AVAILABILITY = YES_AGGRESSIVE;
				CLANG_WARN_UNREACHABLE_CODE = YES;
				CLANG_WARN__DUPLICATE_METHOD_MATCH = YES;
				COPY_PHASE_STRIP = NO;
				DEBUG_INFORMATION_FORMAT = "dwarf-with-dsym";
				ENABLE_NS_ASSERTIONS = NO;
				ENABLE_STRICT_OBJC_MSGSEND = YES;
				GCC_C_LANGUAGE_STANDARD = gnu11;
				GCC_NO_COMMON_BLOCKS = YES;
				GCC_WARN_64_TO_32_BIT_CONVERSION = YES;
				GCC_WARN_ABOUT_RETURN_TYPE = YES_ERROR;
				GCC_WARN_UNDECLARED_SELECTOR = YES;
				GCC_WARN_UNINITIALIZED_AUTOS = YES_AGGRESSIVE;
				GCC_WARN_UNUSED_FUNCTION = YES;
				GCC_WARN_UNUSED_VARIABLE = YES;
				MACOSX_DEPLOYMENT_TARGET = 13.3;
				MTL_ENABLE_DEBUG_INFO = NO;
				MTL_FAST_MATH = YES;
				SDKROOT = macosx;
				SWIFT_COMPILATION_MODE = wholemodule;
				SWIFT_OPTIMIZATION_LEVEL = "-O";
			};
			name = Release;
		};
		DA596EA62A6FC299001B58D0 /* Debug */ = {
			isa = XCBuildConfiguration;
			buildSettings = {
				ASSETCATALOG_COMPILER_APPICON_NAME = AppIcon;
				ASSETCATALOG_COMPILER_GLOBAL_ACCENT_COLOR_NAME = AccentColor;
				CODE_SIGN_ENTITLEMENTS = ImgurSwiftExample/ImgurSwiftExample.entitlements;
				CODE_SIGN_STYLE = Automatic;
				COMBINE_HIDPI_IMAGES = YES;
				CURRENT_PROJECT_VERSION = 1;
				DEVELOPMENT_ASSET_PATHS = "\"ImgurSwiftExample/Preview Content\"";
				DEVELOPMENT_TEAM = BWMJMJK727;
				ENABLE_HARDENED_RUNTIME = YES;
				ENABLE_PREVIEWS = YES;
				GENERATE_INFOPLIST_FILE = YES;
				INFOPLIST_KEY_NSHumanReadableCopyright = "";
				LD_RUNPATH_SEARCH_PATHS = (
					"$(inherited)",
					"@executable_path/../Frameworks",
				);
				MARKETING_VERSION = 1.0;
				PRODUCT_BUNDLE_IDENTIFIER = com.ikeh1024.ImgurSwiftExample;
				PRODUCT_NAME = "$(TARGET_NAME)";
				SWIFT_EMIT_LOC_STRINGS = YES;
				SWIFT_VERSION = 5.0;
			};
			name = Debug;
		};
		DA596EA72A6FC299001B58D0 /* Release */ = {
			isa = XCBuildConfiguration;
			buildSettings = {
				ASSETCATALOG_COMPILER_APPICON_NAME = AppIcon;
				ASSETCATALOG_COMPILER_GLOBAL_ACCENT_COLOR_NAME = AccentColor;
				CODE_SIGN_ENTITLEMENTS = ImgurSwiftExample/ImgurSwiftExample.entitlements;
				CODE_SIGN_STYLE = Automatic;
				COMBINE_HIDPI_IMAGES = YES;
				CURRENT_PROJECT_VERSION = 1;
				DEVELOPMENT_ASSET_PATHS = "\"ImgurSwiftExample/Preview Content\"";
				DEVELOPMENT_TEAM = BWMJMJK727;
				ENABLE_HARDENED_RUNTIME = YES;
				ENABLE_PREVIEWS = YES;
				GENERATE_INFOPLIST_FILE = YES;
				INFOPLIST_KEY_NSHumanReadableCopyright = "";
				LD_RUNPATH_SEARCH_PATHS = (
					"$(inherited)",
					"@executable_path/../Frameworks",
				);
				MARKETING_VERSION = 1.0;
				PRODUCT_BUNDLE_IDENTIFIER = com.ikeh1024.ImgurSwiftExample;
				PRODUCT_NAME = "$(TARGET_NAME)";
				SWIFT_EMIT_LOC_STRINGS = YES;
				SWIFT_VERSION = 5.0;
			};
			name = Release;
		};
/* End XCBuildConfiguration section */

/* Begin XCConfigurationList section */
		DA596E912A6FC298001B58D0 /* Build configuration list for PBXProject "ImgurSwiftExample" */ = {
			isa = XCConfigurationList;
			buildConfigurations = (
				DA596EA32A6FC299001B58D0 /* Debug */,
				DA596EA42A6FC299001B58D0 /* Release */,
			);
			defaultConfigurationIsVisible = 0;
			defaultConfigurationName = Release;
		};
		DA596EA52A6FC299001B58D0 /* Build configuration list for PBXNativeTarget "ImgurSwiftExample" */ = {
			isa = XCConfigurationList;
			buildConfigurations = (
				DA596EA62A6FC299001B58D0 /* Debug */,
				DA596EA72A6FC299001B58D0 /* Release */,
			);
			defaultConfigurationIsVisible = 0;
			defaultConfigurationName = Release;
		};
/* End XCConfigurationList section */

/* Begin XCSwiftPackageProductDependency section */
		DA596EAE2A6FC5B9001B58D0 /* ImgurSwift */ = {
			isa = XCSwiftPackageProductDependency;
			productName = ImgurSwift;
		};
/* End XCSwiftPackageProductDependency section */
	};
	rootObject = DA596E8E2A6FC298001B58D0 /* Project object */;
}
