{
  "pins" : [
    {
      "identity" : "imgur-swift",
      "kind" : "remoteSourceControl",
      "location" : "https://github.com/pommdau/imgur-swift",
      "state" : {
        "revision" : "3f3367afa20b4973a182aff726c8752f6145b660",
        "version" : "0.0.1"
      }
    }
  ],
  "version" : 2
}
